
Microsoft Visual Studio Solution File, Format Version 12.00
# Visual Studio Version 16
VisualStudioVersion = 16.0.31702.278
MinimumVisualStudioVersion = 10.0.40219.1
Project("{FAE04EC0-301F-11D3-BF4B-00C04F79EFBC}") = "Asp Core MVC", "Asp Core MVC.csproj", "{ACCA3CC0-E3C8-4E77-AD0B-C8A69D3B36E7}"
EndProject
Global
	GlobalSection(SolutionConfigurationPlatforms) = preSolution
		Debug|Any CPU = Debug|Any CPU
		Release|Any CPU = Release|Any CPU
	EndGlobalSection
	GlobalSection(ProjectConfigurationPlatforms) = postSolution
		{ACCA3CC0-E3C8-4E77-AD0B-C8A69D3B36E7}.Debug|Any CPU.ActiveCfg = Debug|Any CPU
		{ACCA3CC0-E3C8-4E77-AD0B-C8A69D3B36E7}.Debug|Any CPU.Build.0 = Debug|Any CPU
		{ACCA3CC0-E3C8-4E77-AD0B-C8A69D3B36E7}.Release|Any CPU.ActiveCfg = Release|Any CPU
		{ACCA3CC0-E3C8-4E77-AD0B-C8A69D3B36E7}.Release|Any CPU.Build.0 = Release|Any CPU
	EndGlobalSection
	GlobalSection(SolutionProperties) = preSolution
		HideSolutionNode = FALSE
	EndGlobalSection
	GlobalSection(ExtensibilityGlobals) = postSolution
		SolutionGuid = {1ADE019E-6D98-4791-8F23-36656390F9F3}
	EndGlobalSection
EndGlobal
